
Microsoft Visual Studio Solution File, Format Version 12.00
# Visual Studio Version 17
VisualStudioVersion = 17.5.33424.131
MinimumVisualStudioVersion = 10.0.40219.1
Project("{8BC9CEB8-8B4A-11D0-8D11-00A0C91BC942}") = "Structure 1", "Structure 1\Structure 1.vcxproj", "{5A8DABE3-765E-41C6-8D41-B06277C07B7D}"
EndProject
Project("{8BC9CEB8-8B4A-11D0-8D11-00A0C91BC942}") = "Structure 2", "Structure 2\Structure 2.vcxproj", "{70103B5C-BBB9-4DF2-8CED-DB91DA29C662}"
EndProject
Project("{8BC9CEB8-8B4A-11D0-8D11-00A0C91BC942}") = "Structure 3", "Structure 3\Structure 3.vcxproj", "{5208B389-CEF9-4219-95D1-E297FF78DE35}"
EndProject
Global
	GlobalSection(SolutionConfigurationPlatforms) = preSolution
		Debug|x64 = Debug|x64
		Debug|x86 = Debug|x86
		Release|x64 = Release|x64
		Release|x86 = Release|x86
	EndGlobalSection
	GlobalSection(ProjectConfigurationPlatforms) = postSolution
		{5A8DABE3-765E-41C6-8D41-B06277C07B7D}.Debug|x64.ActiveCfg = Debug|x64
		{5A8DABE3-765E-41C6-8D41-B06277C07B7D}.Debug|x64.Build.0 = Debug|x64
		{5A8DABE3-765E-41C6-8D41-B06277C07B7D}.Debug|x86.ActiveCfg = Debug|Win32
		{5A8DABE3-765E-41C6-8D41-B06277C07B7D}.Debug|x86.Build.0 = Debug|Win32
		{5A8DABE3-765E-41C6-8D41-B06277C07B7D}.Release|x64.ActiveCfg = Release|x64
		{5A8DABE3-765E-41C6-8D41-B06277C07B7D}.Release|x64.Build.0 = Release|x64
		{5A8DABE3-765E-41C6-8D41-B06277C07B7D}.Release|x86.ActiveCfg = Release|Win32
		{5A8DABE3-765E-41C6-8D41-B06277C07B7D}.Release|x86.Build.0 = Release|Win32
		{70103B5C-BBB9-4DF2-8CED-DB91DA29C662}.Debug|x64.ActiveCfg = Debug|x64
		{70103B5C-BBB9-4DF2-8CED-DB91DA29C662}.Debug|x64.Build.0 = Debug|x64
		{70103B5C-BBB9-4DF2-8CED-DB91DA29C662}.Debug|x86.ActiveCfg = Debug|Win32
		{70103B5C-BBB9-4DF2-8CED-DB91DA29C662}.Debug|x86.Build.0 = Debug|Win32
		{70103B5C-BBB9-4DF2-8CED-DB91DA29C662}.Release|x64.ActiveCfg = Release|x64
		{70103B5C-BBB9-4DF2-8CED-DB91DA29C662}.Release|x64.Build.0 = Release|x64
		{70103B5C-BBB9-4DF2-8CED-DB91DA29C662}.Release|x86.ActiveCfg = Release|Win32
		{70103B5C-BBB9-4DF2-8CED-DB91DA29C662}.Release|x86.Build.0 = Release|Win32
		{5208B389-CEF9-4219-95D1-E297FF78DE35}.Debug|x64.ActiveCfg = Debug|x64
		{5208B389-CEF9-4219-95D1-E297FF78DE35}.Debug|x64.Build.0 = Debug|x64
		{5208B389-CEF9-4219-95D1-E297FF78DE35}.Debug|x86.ActiveCfg = Debug|Win32
		{5208B389-CEF9-4219-95D1-E297FF78DE35}.Debug|x86.Build.0 = Debug|Win32
		{5208B389-CEF9-4219-95D1-E297FF78DE35}.Release|x64.ActiveCfg = Release|x64
		{5208B389-CEF9-4219-95D1-E297FF78DE35}.Release|x64.Build.0 = Release|x64
		{5208B389-CEF9-4219-95D1-E297FF78DE35}.Release|x86.ActiveCfg = Release|Win32
		{5208B389-CEF9-4219-95D1-E297FF78DE35}.Release|x86.Build.0 = Release|Win32
	EndGlobalSection
	GlobalSection(SolutionProperties) = preSolution
		HideSolutionNode = FALSE
	EndGlobalSection
	GlobalSection(ExtensibilityGlobals) = postSolution
		SolutionGuid = {CD376032-005A-4CD1-A16E-6BE723FE287B}
	EndGlobalSection
EndGlobal
